
Microsoft Visual Studio Solution File, Format Version 12.00
# Visual Studio Version 16
VisualStudioVersion = 16.0.29409.12
MinimumVisualStudioVersion = 10.0.40219.1
Project("{8BC9CEB8-8B4A-11D0-8D11-00A0C91BC942}") = "find_slash_1", "find_slash_1\find_slash_1.vcxproj", "{DB268A50-0622-463E-9315-B28B511CAFBD}"
EndProject
Global
	GlobalSection(SolutionConfigurationPlatforms) = preSolution
		Debug|x64 = Debug|x64
		Debug|x86 = Debug|x86
		Release|x64 = Release|x64
		Release|x86 = Release|x86
	EndGlobalSection
	GlobalSection(ProjectConfigurationPlatforms) = postSolution
		{DB268A50-0622-463E-9315-B28B511CAFBD}.Debug|x64.ActiveCfg = Debug|x64
		{DB268A50-0622-463E-9315-B28B511CAFBD}.Debug|x64.Build.0 = Debug|x64
		{DB268A50-0622-463E-9315-B28B511CAFBD}.Debug|x86.ActiveCfg = Debug|Win32
		{DB268A50-0622-463E-9315-B28B511CAFBD}.Debug|x86.Build.0 = Debug|Win32
		{DB268A50-0622-463E-9315-B28B511CAFBD}.Release|x64.ActiveCfg = Release|x64
		{DB268A50-0622-463E-9315-B28B511CAFBD}.Release|x64.Build.0 = Release|x64
		{DB268A50-0622-463E-9315-B28B511CAFBD}.Release|x86.ActiveCfg = Release|Win32
		{DB268A50-0622-463E-9315-B28B511CAFBD}.Release|x86.Build.0 = Release|Win32
	EndGlobalSection
	GlobalSection(SolutionProperties) = preSolution
		HideSolutionNode = FALSE
	EndGlobalSection
	GlobalSection(ExtensibilityGlobals) = postSolution
		SolutionGuid = {DF6CD63F-9908-4A65-9239-E57D2A29FABC}
	EndGlobalSection
EndGlobal
